
Microsoft Visual Studio Solution File, Format Version 12.00
# Visual Studio 15
VisualStudioVersion = 15.0.26730.16
MinimumVisualStudioVersion = 10.0.40219.1
Project("{FAE04EC0-301F-11D3-BF4B-00C04F79EFBC}") = "Hobbits", "Hobbits\Hobbits.csproj", "{5899DD2B-AAA3-4F82-8170-3463B61EEF8B}"
EndProject
Global
	GlobalSection(SolutionConfigurationPlatforms) = preSolution
		Debug|Any CPU = Debug|Any CPU
		Release|Any CPU = Release|Any CPU
	EndGlobalSection
	GlobalSection(ProjectConfigurationPlatforms) = postSolution
		{5899DD2B-AAA3-4F82-8170-3463B61EEF8B}.Debug|Any CPU.ActiveCfg = Debug|Any CPU
		{5899DD2B-AAA3-4F82-8170-3463B61EEF8B}.Debug|Any CPU.Build.0 = Debug|Any CPU
		{5899DD2B-AAA3-4F82-8170-3463B61EEF8B}.Release|Any CPU.ActiveCfg = Release|Any CPU
		{5899DD2B-AAA3-4F82-8170-3463B61EEF8B}.Release|Any CPU.Build.0 = Release|Any CPU
	EndGlobalSection
	GlobalSection(SolutionProperties) = preSolution
		HideSolutionNode = FALSE
	EndGlobalSection
	GlobalSection(ExtensibilityGlobals) = postSolution
		SolutionGuid = {E04E7697-7CE3-4665-9A83-19268D248205}
	EndGlobalSection
EndGlobal
